
Microsoft Visual Studio Solution File, Format Version 12.00
# Visual Studio Version 17
VisualStudioVersion = 17.2.32630.192
MinimumVisualStudioVersion = 10.0.40219.1
Project("{FAE04EC0-301F-11D3-BF4B-00C04F79EFBC}") = "csharp_sınıflar_kalitim_my", "csharp_sınıflar_kalitim_my\csharp_sınıflar_kalitim_my.csproj", "{B1F0E727-6D00-48BA-A305-301B53FBD0A1}"
EndProject
Global
	GlobalSection(SolutionConfigurationPlatforms) = preSolution
		Debug|Any CPU = Debug|Any CPU
		Release|Any CPU = Release|Any CPU
	EndGlobalSection
	GlobalSection(ProjectConfigurationPlatforms) = postSolution
		{B1F0E727-6D00-48BA-A305-301B53FBD0A1}.Debug|Any CPU.ActiveCfg = Debug|Any CPU
		{B1F0E727-6D00-48BA-A305-301B53FBD0A1}.Debug|Any CPU.Build.0 = Debug|Any CPU
		{B1F0E727-6D00-48BA-A305-301B53FBD0A1}.Release|Any CPU.ActiveCfg = Release|Any CPU
		{B1F0E727-6D00-48BA-A305-301B53FBD0A1}.Release|Any CPU.Build.0 = Release|Any CPU
	EndGlobalSection
	GlobalSection(SolutionProperties) = preSolution
		HideSolutionNode = FALSE
	EndGlobalSection
	GlobalSection(ExtensibilityGlobals) = postSolution
		SolutionGuid = {F8AD765B-CB8C-4FC0-B6A6-256495DEFBAE}
	EndGlobalSection
EndGlobal
